
Microsoft Visual Studio Solution File, Format Version 12.00
# Visual Studio Version 17
VisualStudioVersion = 17.1.32414.318
MinimumVisualStudioVersion = 10.0.40219.1
Project("{FAE04EC0-301F-11D3-BF4B-00C04F79EFBC}") = "Typewriter_Effect", "Typewriter_Effect\Typewriter_Effect.csproj", "{F7BDA1D6-F15F-4B4E-94C0-F858C84EFC80}"
EndProject
Global
	GlobalSection(SolutionConfigurationPlatforms) = preSolution
		Debug|Any CPU = Debug|Any CPU
		Release|Any CPU = Release|Any CPU
	EndGlobalSection
	GlobalSection(ProjectConfigurationPlatforms) = postSolution
		{F7BDA1D6-F15F-4B4E-94C0-F858C84EFC80}.Debug|Any CPU.ActiveCfg = Debug|Any CPU
		{F7BDA1D6-F15F-4B4E-94C0-F858C84EFC80}.Debug|Any CPU.Build.0 = Debug|Any CPU
		{F7BDA1D6-F15F-4B4E-94C0-F858C84EFC80}.Release|Any CPU.ActiveCfg = Release|Any CPU
		{F7BDA1D6-F15F-4B4E-94C0-F858C84EFC80}.Release|Any CPU.Build.0 = Release|Any CPU
	EndGlobalSection
	GlobalSection(SolutionProperties) = preSolution
		HideSolutionNode = FALSE
	EndGlobalSection
	GlobalSection(ExtensibilityGlobals) = postSolution
		SolutionGuid = {05E92F47-0E17-4343-BC06-6E83BD268992}
	EndGlobalSection
EndGlobal
